
Microsoft Visual Studio Solution File, Format Version 12.00
# Visual Studio 14
VisualStudioVersion = 14.0.24720.0
MinimumVisualStudioVersion = 10.0.40219.1
Project("{FAE04EC0-301F-11D3-BF4B-00C04F79EFBC}") = "Corsair num lock status", "Corsair Utils\Corsair num lock status.csproj", "{AF3BA954-4E1B-4C59-973F-21A257BBEC43}"
EndProject
Global
	GlobalSection(SolutionConfigurationPlatforms) = preSolution
		Debug|Any CPU = Debug|Any CPU
		Release|Any CPU = Release|Any CPU
	EndGlobalSection
	GlobalSection(ProjectConfigurationPlatforms) = postSolution
		{AF3BA954-4E1B-4C59-973F-21A257BBEC43}.Debug|Any CPU.ActiveCfg = Debug|Any CPU
		{AF3BA954-4E1B-4C59-973F-21A257BBEC43}.Debug|Any CPU.Build.0 = Debug|Any CPU
		{AF3BA954-4E1B-4C59-973F-21A257BBEC43}.Release|Any CPU.ActiveCfg = Release|Any CPU
		{AF3BA954-4E1B-4C59-973F-21A257BBEC43}.Release|Any CPU.Build.0 = Release|Any CPU
	EndGlobalSection
	GlobalSection(SolutionProperties) = preSolution
		HideSolutionNode = FALSE
	EndGlobalSection
EndGlobal
